
Microsoft Visual Studio Solution File, Format Version 12.00
# Visual Studio 15
VisualStudioVersion = 15.0.26206.0
MinimumVisualStudioVersion = 10.0.40219.1
Project("{FAE04EC0-301F-11D3-BF4B-00C04F79EFBC}") = "Portal", "Portal\Portal.csproj", "{28A4F9F0-2F66-4085-B3E6-69950DA498A8}"
EndProject
Project("{FAE04EC0-301F-11D3-BF4B-00C04F79EFBC}") = "EnumsAndConstants", "EnumsAndConstants\EnumsAndConstants.csproj", "{D64DD7D3-7D31-4ABC-BE21-0304B1D7668F}"
EndProject
Project("{2150E333-8FDC-42A3-9474-1A3956D46DE8}") = "CMS", "CMS", "{8CE3CD6C-8DD5-44C1-8A91-DDB4DE4CCD94}"
EndProject
Project("{FAE04EC0-301F-11D3-BF4B-00C04F79EFBC}") = "DAL", "CMS\DAL\DAL.csproj", "{FE10EF1A-78FA-4541-8C84-4FCE6EFAC43C}"
EndProject
Project("{FAE04EC0-301F-11D3-BF4B-00C04F79EFBC}") = "DomainModel", "CMS\DomainModel\DomainModel.csproj", "{A4F74DCA-3820-4FFA-9442-9EB7F3002635}"
EndProject
Project("{FAE04EC0-301F-11D3-BF4B-00C04F79EFBC}") = "DomainService", "CMS\DomainService\DomainService.csproj", "{EBB88C0E-BA01-497B-8205-C99FF03851C8}"
EndProject
Project("{2150E333-8FDC-42A3-9474-1A3956D46DE8}") = "SocialIntelligence", "SocialIntelligence", "{DA8E356D-0CE4-4832-BE30-8BF987340B7E}"
EndProject
Project("{FAE04EC0-301F-11D3-BF4B-00C04F79EFBC}") = "SystemFramework", "SystemFramework\SystemFramework.csproj", "{8B3E8575-D79B-4D30-A8DA-635099D15D3E}"
EndProject
Project("{2150E333-8FDC-42A3-9474-1A3956D46DE8}") = "AuthorizationServer", "AuthorizationServer", "{B370110A-7B02-4145-8CC9-49EBB5E8FBE6}"
EndProject
Project("{FAE04EC0-301F-11D3-BF4B-00C04F79EFBC}") = "AuthorizationService", "AuthorizationServer\AuthorizationService\AuthorizationService.csproj", "{9CA2E84B-8C2B-4CC7-834D-762AAD2091A3}"
EndProject
Project("{2150E333-8FDC-42A3-9474-1A3956D46DE8}") = "Diagram", "Diagram", "{011CB939-D97F-46FC-A7E4-ACB6CA593ABF}"
EndProject
Global
	GlobalSection(SolutionConfigurationPlatforms) = preSolution
		Debug|Any CPU = Debug|Any CPU
		Debug|x64 = Debug|x64
		Debug|x86 = Debug|x86
		Release|Any CPU = Release|Any CPU
		Release|x64 = Release|x64
		Release|x86 = Release|x86
	EndGlobalSection
	GlobalSection(ProjectConfigurationPlatforms) = postSolution
		{28A4F9F0-2F66-4085-B3E6-69950DA498A8}.Debug|Any CPU.ActiveCfg = Debug|Any CPU
		{28A4F9F0-2F66-4085-B3E6-69950DA498A8}.Debug|Any CPU.Build.0 = Debug|Any CPU
		{28A4F9F0-2F66-4085-B3E6-69950DA498A8}.Debug|x64.ActiveCfg = Debug|x64
		{28A4F9F0-2F66-4085-B3E6-69950DA498A8}.Debug|x64.Build.0 = Debug|x64
		{28A4F9F0-2F66-4085-B3E6-69950DA498A8}.Debug|x86.ActiveCfg = Debug|x86
		{28A4F9F0-2F66-4085-B3E6-69950DA498A8}.Debug|x86.Build.0 = Debug|x86
		{28A4F9F0-2F66-4085-B3E6-69950DA498A8}.Release|Any CPU.ActiveCfg = Release|Any CPU
		{28A4F9F0-2F66-4085-B3E6-69950DA498A8}.Release|Any CPU.Build.0 = Release|Any CPU
		{28A4F9F0-2F66-4085-B3E6-69950DA498A8}.Release|x64.ActiveCfg = Release|x64
		{28A4F9F0-2F66-4085-B3E6-69950DA498A8}.Release|x64.Build.0 = Release|x64
		{28A4F9F0-2F66-4085-B3E6-69950DA498A8}.Release|x86.ActiveCfg = Release|x86
		{28A4F9F0-2F66-4085-B3E6-69950DA498A8}.Release|x86.Build.0 = Release|x86
		{D64DD7D3-7D31-4ABC-BE21-0304B1D7668F}.Debug|Any CPU.ActiveCfg = Debug|Any CPU
		{D64DD7D3-7D31-4ABC-BE21-0304B1D7668F}.Debug|Any CPU.Build.0 = Debug|Any CPU
		{D64DD7D3-7D31-4ABC-BE21-0304B1D7668F}.Debug|x64.ActiveCfg = Debug|x64
		{D64DD7D3-7D31-4ABC-BE21-0304B1D7668F}.Debug|x64.Build.0 = Debug|x64
		{D64DD7D3-7D31-4ABC-BE21-0304B1D7668F}.Debug|x86.ActiveCfg = Debug|x86
		{D64DD7D3-7D31-4ABC-BE21-0304B1D7668F}.Debug|x86.Build.0 = Debug|x86
		{D64DD7D3-7D31-4ABC-BE21-0304B1D7668F}.Release|Any CPU.ActiveCfg = Release|Any CPU
		{D64DD7D3-7D31-4ABC-BE21-0304B1D7668F}.Release|Any CPU.Build.0 = Release|Any CPU
		{D64DD7D3-7D31-4ABC-BE21-0304B1D7668F}.Release|x64.ActiveCfg = Release|x64
		{D64DD7D3-7D31-4ABC-BE21-0304B1D7668F}.Release|x64.Build.0 = Release|x64
		{D64DD7D3-7D31-4ABC-BE21-0304B1D7668F}.Release|x86.ActiveCfg = Release|x86
		{D64DD7D3-7D31-4ABC-BE21-0304B1D7668F}.Release|x86.Build.0 = Release|x86
		{FE10EF1A-78FA-4541-8C84-4FCE6EFAC43C}.Debug|Any CPU.ActiveCfg = Debug|Any CPU
		{FE10EF1A-78FA-4541-8C84-4FCE6EFAC43C}.Debug|Any CPU.Build.0 = Debug|Any CPU
		{FE10EF1A-78FA-4541-8C84-4FCE6EFAC43C}.Debug|x64.ActiveCfg = Debug|x64
		{FE10EF1A-78FA-4541-8C84-4FCE6EFAC43C}.Debug|x64.Build.0 = Debug|x64
		{FE10EF1A-78FA-4541-8C84-4FCE6EFAC43C}.Debug|x86.ActiveCfg = Debug|x86
		{FE10EF1A-78FA-4541-8C84-4FCE6EFAC43C}.Debug|x86.Build.0 = Debug|x86
		{FE10EF1A-78FA-4541-8C84-4FCE6EFAC43C}.Release|Any CPU.ActiveCfg = Release|Any CPU
		{FE10EF1A-78FA-4541-8C84-4FCE6EFAC43C}.Release|Any CPU.Build.0 = Release|Any CPU
		{FE10EF1A-78FA-4541-8C84-4FCE6EFAC43C}.Release|x64.ActiveCfg = Release|x64
		{FE10EF1A-78FA-4541-8C84-4FCE6EFAC43C}.Release|x64.Build.0 = Release|x64
		{FE10EF1A-78FA-4541-8C84-4FCE6EFAC43C}.Release|x86.ActiveCfg = Release|x86
		{FE10EF1A-78FA-4541-8C84-4FCE6EFAC43C}.Release|x86.Build.0 = Release|x86
		{A4F74DCA-3820-4FFA-9442-9EB7F3002635}.Debug|Any CPU.ActiveCfg = Debug|Any CPU
		{A4F74DCA-3820-4FFA-9442-9EB7F3002635}.Debug|Any CPU.Build.0 = Debug|Any CPU
		{A4F74DCA-3820-4FFA-9442-9EB7F3002635}.Debug|x64.ActiveCfg = Debug|x64
		{A4F74DCA-3820-4FFA-9442-9EB7F3002635}.Debug|x64.Build.0 = Debug|x64
		{A4F74DCA-3820-4FFA-9442-9EB7F3002635}.Debug|x86.ActiveCfg = Debug|x86
		{A4F74DCA-3820-4FFA-9442-9EB7F3002635}.Debug|x86.Build.0 = Debug|x86
		{A4F74DCA-3820-4FFA-9442-9EB7F3002635}.Release|Any CPU.ActiveCfg = Release|Any CPU
		{A4F74DCA-3820-4FFA-9442-9EB7F3002635}.Release|Any CPU.Build.0 = Release|Any CPU
		{A4F74DCA-3820-4FFA-9442-9EB7F3002635}.Release|x64.ActiveCfg = Release|x64
		{A4F74DCA-3820-4FFA-9442-9EB7F3002635}.Release|x64.Build.0 = Release|x64
		{A4F74DCA-3820-4FFA-9442-9EB7F3002635}.Release|x86.ActiveCfg = Release|x86
		{A4F74DCA-3820-4FFA-9442-9EB7F3002635}.Release|x86.Build.0 = Release|x86
		{EBB88C0E-BA01-497B-8205-C99FF03851C8}.Debug|Any CPU.ActiveCfg = Debug|Any CPU
		{EBB88C0E-BA01-497B-8205-C99FF03851C8}.Debug|Any CPU.Build.0 = Debug|Any CPU
		{EBB88C0E-BA01-497B-8205-C99FF03851C8}.Debug|x64.ActiveCfg = Debug|x64
		{EBB88C0E-BA01-497B-8205-C99FF03851C8}.Debug|x64.Build.0 = Debug|x64
		{EBB88C0E-BA01-497B-8205-C99FF03851C8}.Debug|x86.ActiveCfg = Debug|x86
		{EBB88C0E-BA01-497B-8205-C99FF03851C8}.Debug|x86.Build.0 = Debug|x86
		{EBB88C0E-BA01-497B-8205-C99FF03851C8}.Release|Any CPU.ActiveCfg = Release|Any CPU
		{EBB88C0E-BA01-497B-8205-C99FF03851C8}.Release|Any CPU.Build.0 = Release|Any CPU
		{EBB88C0E-BA01-497B-8205-C99FF03851C8}.Release|x64.ActiveCfg = Release|x64
		{EBB88C0E-BA01-497B-8205-C99FF03851C8}.Release|x64.Build.0 = Release|x64
		{EBB88C0E-BA01-497B-8205-C99FF03851C8}.Release|x86.ActiveCfg = Release|x86
		{EBB88C0E-BA01-497B-8205-C99FF03851C8}.Release|x86.Build.0 = Release|x86
		{8B3E8575-D79B-4D30-A8DA-635099D15D3E}.Debug|Any CPU.ActiveCfg = Debug|Any CPU
		{8B3E8575-D79B-4D30-A8DA-635099D15D3E}.Debug|Any CPU.Build.0 = Debug|Any CPU
		{8B3E8575-D79B-4D30-A8DA-635099D15D3E}.Debug|x64.ActiveCfg = Debug|x64
		{8B3E8575-D79B-4D30-A8DA-635099D15D3E}.Debug|x64.Build.0 = Debug|x64
		{8B3E8575-D79B-4D30-A8DA-635099D15D3E}.Debug|x86.ActiveCfg = Debug|x86
		{8B3E8575-D79B-4D30-A8DA-635099D15D3E}.Debug|x86.Build.0 = Debug|x86
		{8B3E8575-D79B-4D30-A8DA-635099D15D3E}.Release|Any CPU.ActiveCfg = Release|Any CPU
		{8B3E8575-D79B-4D30-A8DA-635099D15D3E}.Release|Any CPU.Build.0 = Release|Any CPU
		{8B3E8575-D79B-4D30-A8DA-635099D15D3E}.Release|x64.ActiveCfg = Release|x64
		{8B3E8575-D79B-4D30-A8DA-635099D15D3E}.Release|x64.Build.0 = Release|x64
		{8B3E8575-D79B-4D30-A8DA-635099D15D3E}.Release|x86.ActiveCfg = Release|x86
		{8B3E8575-D79B-4D30-A8DA-635099D15D3E}.Release|x86.Build.0 = Release|x86
		{9CA2E84B-8C2B-4CC7-834D-762AAD2091A3}.Debug|Any CPU.ActiveCfg = Debug|Any CPU
		{9CA2E84B-8C2B-4CC7-834D-762AAD2091A3}.Debug|Any CPU.Build.0 = Debug|Any CPU
		{9CA2E84B-8C2B-4CC7-834D-762AAD2091A3}.Debug|x64.ActiveCfg = Debug|x64
		{9CA2E84B-8C2B-4CC7-834D-762AAD2091A3}.Debug|x64.Build.0 = Debug|x64
		{9CA2E84B-8C2B-4CC7-834D-762AAD2091A3}.Debug|x86.ActiveCfg = Debug|x86
		{9CA2E84B-8C2B-4CC7-834D-762AAD2091A3}.Debug|x86.Build.0 = Debug|x86
		{9CA2E84B-8C2B-4CC7-834D-762AAD2091A3}.Release|Any CPU.ActiveCfg = Release|Any CPU
		{9CA2E84B-8C2B-4CC7-834D-762AAD2091A3}.Release|Any CPU.Build.0 = Release|Any CPU
		{9CA2E84B-8C2B-4CC7-834D-762AAD2091A3}.Release|x64.ActiveCfg = Release|x64
		{9CA2E84B-8C2B-4CC7-834D-762AAD2091A3}.Release|x64.Build.0 = Release|x64
		{9CA2E84B-8C2B-4CC7-834D-762AAD2091A3}.Release|x86.ActiveCfg = Release|x86
		{9CA2E84B-8C2B-4CC7-834D-762AAD2091A3}.Release|x86.Build.0 = Release|x86
	EndGlobalSection
	GlobalSection(SolutionProperties) = preSolution
		HideSolutionNode = FALSE
	EndGlobalSection
	GlobalSection(NestedProjects) = preSolution
		{FE10EF1A-78FA-4541-8C84-4FCE6EFAC43C} = {8CE3CD6C-8DD5-44C1-8A91-DDB4DE4CCD94}
		{A4F74DCA-3820-4FFA-9442-9EB7F3002635} = {8CE3CD6C-8DD5-44C1-8A91-DDB4DE4CCD94}
		{EBB88C0E-BA01-497B-8205-C99FF03851C8} = {8CE3CD6C-8DD5-44C1-8A91-DDB4DE4CCD94}
		{9CA2E84B-8C2B-4CC7-834D-762AAD2091A3} = {B370110A-7B02-4145-8CC9-49EBB5E8FBE6}
	EndGlobalSection
EndGlobal
