
Microsoft Visual Studio Solution File, Format Version 12.00
# Visual Studio 14
VisualStudioVersion = 14.0.25420.1
MinimumVisualStudioVersion = 10.0.40219.1
Project("{2150E333-8FDC-42A3-9474-1A3956D46DE8}") = "src", "src", "{7A3F7580-277C-4168-9338-316EECE43BFC}"
EndProject
Project("{2150E333-8FDC-42A3-9474-1A3956D46DE8}") = "Solution Items", "Solution Items", "{5138408B-7DF9-44AF-A5C7-E3F90BC696AF}"
	ProjectSection(SolutionItems) = preProject
		global.json = global.json
	EndProjectSection
EndProject
Project("{8BB2217D-0F2D-49D1-97BC-3654ED321F3B}") = "SystemFramework", "src\SystemFramework\SystemFramework.xproj", "{67065CA1-866E-4884-A847-D0EDCFF697F1}"
EndProject
Project("{8BB2217D-0F2D-49D1-97BC-3654ED321F3B}") = "EnumsAndConstants", "src\EnumsAndConstants\EnumsAndConstants.xproj", "{4AB21D2C-3312-4791-BB56-11CCD286EFA7}"
EndProject
Project("{8BB2217D-0F2D-49D1-97BC-3654ED321F3B}") = "Portal", "src\Portal\Portal.xproj", "{503B5A36-254E-4DF0-B7F4-7248773736B8}"
EndProject
Project("{2150E333-8FDC-42A3-9474-1A3956D46DE8}") = "CMS", "CMS", "{AC7E2940-1B14-4086-864D-14F4ED12B2A5}"
EndProject
Project("{8BB2217D-0F2D-49D1-97BC-3654ED321F3B}") = "DAL", "src\CMS\DAL\DAL.xproj", "{4DAEB5CD-0BC4-43C6-858C-4317C5B5CEE0}"
EndProject
Project("{8BB2217D-0F2D-49D1-97BC-3654ED321F3B}") = "DomainModel", "src\CMS\DomainModel\DomainModel.xproj", "{C504DD2A-4278-4AFF-B8DC-5380394F90EF}"
EndProject
Project("{8BB2217D-0F2D-49D1-97BC-3654ED321F3B}") = "DomainService", "src\CMS\DomainService\DomainService.xproj", "{55A679A7-39DD-4D3E-A743-2E91B0637923}"
EndProject
Project("{2150E333-8FDC-42A3-9474-1A3956D46DE8}") = "SocialIntelligence", "SocialIntelligence", "{94DBE9B6-32CF-4ACE-B3BD-15EE3730C146}"
EndProject
Global
	GlobalSection(SolutionConfigurationPlatforms) = preSolution
		Debug|Any CPU = Debug|Any CPU
		Release|Any CPU = Release|Any CPU
	EndGlobalSection
	GlobalSection(ProjectConfigurationPlatforms) = postSolution
		{67065CA1-866E-4884-A847-D0EDCFF697F1}.Debug|Any CPU.ActiveCfg = Debug|Any CPU
		{67065CA1-866E-4884-A847-D0EDCFF697F1}.Debug|Any CPU.Build.0 = Debug|Any CPU
		{67065CA1-866E-4884-A847-D0EDCFF697F1}.Release|Any CPU.ActiveCfg = Release|Any CPU
		{67065CA1-866E-4884-A847-D0EDCFF697F1}.Release|Any CPU.Build.0 = Release|Any CPU
		{4AB21D2C-3312-4791-BB56-11CCD286EFA7}.Debug|Any CPU.ActiveCfg = Debug|Any CPU
		{4AB21D2C-3312-4791-BB56-11CCD286EFA7}.Debug|Any CPU.Build.0 = Debug|Any CPU
		{4AB21D2C-3312-4791-BB56-11CCD286EFA7}.Release|Any CPU.ActiveCfg = Release|Any CPU
		{4AB21D2C-3312-4791-BB56-11CCD286EFA7}.Release|Any CPU.Build.0 = Release|Any CPU
		{503B5A36-254E-4DF0-B7F4-7248773736B8}.Debug|Any CPU.ActiveCfg = Debug|Any CPU
		{503B5A36-254E-4DF0-B7F4-7248773736B8}.Debug|Any CPU.Build.0 = Debug|Any CPU
		{503B5A36-254E-4DF0-B7F4-7248773736B8}.Release|Any CPU.ActiveCfg = Release|Any CPU
		{503B5A36-254E-4DF0-B7F4-7248773736B8}.Release|Any CPU.Build.0 = Release|Any CPU
		{4DAEB5CD-0BC4-43C6-858C-4317C5B5CEE0}.Debug|Any CPU.ActiveCfg = Debug|Any CPU
		{4DAEB5CD-0BC4-43C6-858C-4317C5B5CEE0}.Debug|Any CPU.Build.0 = Debug|Any CPU
		{4DAEB5CD-0BC4-43C6-858C-4317C5B5CEE0}.Release|Any CPU.ActiveCfg = Release|Any CPU
		{4DAEB5CD-0BC4-43C6-858C-4317C5B5CEE0}.Release|Any CPU.Build.0 = Release|Any CPU
		{C504DD2A-4278-4AFF-B8DC-5380394F90EF}.Debug|Any CPU.ActiveCfg = Debug|Any CPU
		{C504DD2A-4278-4AFF-B8DC-5380394F90EF}.Debug|Any CPU.Build.0 = Debug|Any CPU
		{C504DD2A-4278-4AFF-B8DC-5380394F90EF}.Release|Any CPU.ActiveCfg = Release|Any CPU
		{C504DD2A-4278-4AFF-B8DC-5380394F90EF}.Release|Any CPU.Build.0 = Release|Any CPU
		{55A679A7-39DD-4D3E-A743-2E91B0637923}.Debug|Any CPU.ActiveCfg = Debug|Any CPU
		{55A679A7-39DD-4D3E-A743-2E91B0637923}.Debug|Any CPU.Build.0 = Debug|Any CPU
		{55A679A7-39DD-4D3E-A743-2E91B0637923}.Release|Any CPU.ActiveCfg = Release|Any CPU
		{55A679A7-39DD-4D3E-A743-2E91B0637923}.Release|Any CPU.Build.0 = Release|Any CPU
	EndGlobalSection
	GlobalSection(SolutionProperties) = preSolution
		HideSolutionNode = FALSE
	EndGlobalSection
	GlobalSection(NestedProjects) = preSolution
		{67065CA1-866E-4884-A847-D0EDCFF697F1} = {7A3F7580-277C-4168-9338-316EECE43BFC}
		{4AB21D2C-3312-4791-BB56-11CCD286EFA7} = {7A3F7580-277C-4168-9338-316EECE43BFC}
		{503B5A36-254E-4DF0-B7F4-7248773736B8} = {7A3F7580-277C-4168-9338-316EECE43BFC}
		{AC7E2940-1B14-4086-864D-14F4ED12B2A5} = {7A3F7580-277C-4168-9338-316EECE43BFC}
		{4DAEB5CD-0BC4-43C6-858C-4317C5B5CEE0} = {AC7E2940-1B14-4086-864D-14F4ED12B2A5}
		{C504DD2A-4278-4AFF-B8DC-5380394F90EF} = {AC7E2940-1B14-4086-864D-14F4ED12B2A5}
		{55A679A7-39DD-4D3E-A743-2E91B0637923} = {AC7E2940-1B14-4086-864D-14F4ED12B2A5}
		{94DBE9B6-32CF-4ACE-B3BD-15EE3730C146} = {7A3F7580-277C-4168-9338-316EECE43BFC}
	EndGlobalSection
EndGlobal
