
Microsoft Visual Studio Solution File, Format Version 12.00
# Visual Studio 15
VisualStudioVersion = 15.0.26403.7
MinimumVisualStudioVersion = 10.0.40219.1
Project("{9A19103F-16F7-4668-BE54-9A1E7A4F7556}") = "SystemFramework", "SystemFramework\SystemFramework.csproj", "{C492E801-7327-4ADD-B1F5-166CD7B3D185}"
EndProject
Project("{FAE04EC0-301F-11D3-BF4B-00C04F79EFBC}") = "WebApp", "WebApp\WebApp.csproj", "{89587765-93AB-48BA-9532-D6201F8DAFB7}"
EndProject
Project("{FAE04EC0-301F-11D3-BF4B-00C04F79EFBC}") = "Dal", "Dal\Dal.csproj", "{64177F0A-39CB-40D2-A4A9-22095BAED613}"
EndProject
Project("{FAE04EC0-301F-11D3-BF4B-00C04F79EFBC}") = "DomainModel", "DomainModel\DomainModel.csproj", "{776590E5-C961-403F-90C3-DBED424BA26F}"
EndProject
Project("{FAE04EC0-301F-11D3-BF4B-00C04F79EFBC}") = "DomainService", "DomainService\DomainService.csproj", "{FEB3BB72-E9CB-4F15-984D-87993777FF04}"
EndProject
Project("{FAE04EC0-301F-11D3-BF4B-00C04F79EFBC}") = "EnumsAndConstants", "EnumsAndConstants\EnumsAndConstants.csproj", "{97760915-0250-40EA-8F77-96E2EF622450}"
EndProject
Project("{FAE04EC0-301F-11D3-BF4B-00C04F79EFBC}") = "Repository", "Repository\Repository.csproj", "{F642B9BD-1204-4292-8E6D-B4344F0B72CA}"
EndProject
Global
	GlobalSection(SolutionConfigurationPlatforms) = preSolution
		Debug|Any CPU = Debug|Any CPU
		Debug|x64 = Debug|x64
		Debug|x86 = Debug|x86
		Release|Any CPU = Release|Any CPU
		Release|x64 = Release|x64
		Release|x86 = Release|x86
	EndGlobalSection
	GlobalSection(ProjectConfigurationPlatforms) = postSolution
		{C492E801-7327-4ADD-B1F5-166CD7B3D185}.Debug|Any CPU.ActiveCfg = Debug|Any CPU
		{C492E801-7327-4ADD-B1F5-166CD7B3D185}.Debug|Any CPU.Build.0 = Debug|Any CPU
		{C492E801-7327-4ADD-B1F5-166CD7B3D185}.Debug|x64.ActiveCfg = Debug|Any CPU
		{C492E801-7327-4ADD-B1F5-166CD7B3D185}.Debug|x64.Build.0 = Debug|Any CPU
		{C492E801-7327-4ADD-B1F5-166CD7B3D185}.Debug|x86.ActiveCfg = Debug|Any CPU
		{C492E801-7327-4ADD-B1F5-166CD7B3D185}.Debug|x86.Build.0 = Debug|Any CPU
		{C492E801-7327-4ADD-B1F5-166CD7B3D185}.Release|Any CPU.ActiveCfg = Release|Any CPU
		{C492E801-7327-4ADD-B1F5-166CD7B3D185}.Release|Any CPU.Build.0 = Release|Any CPU
		{C492E801-7327-4ADD-B1F5-166CD7B3D185}.Release|x64.ActiveCfg = Release|Any CPU
		{C492E801-7327-4ADD-B1F5-166CD7B3D185}.Release|x64.Build.0 = Release|Any CPU
		{C492E801-7327-4ADD-B1F5-166CD7B3D185}.Release|x86.ActiveCfg = Release|Any CPU
		{C492E801-7327-4ADD-B1F5-166CD7B3D185}.Release|x86.Build.0 = Release|Any CPU
		{89587765-93AB-48BA-9532-D6201F8DAFB7}.Debug|Any CPU.ActiveCfg = Debug|Any CPU
		{89587765-93AB-48BA-9532-D6201F8DAFB7}.Debug|Any CPU.Build.0 = Debug|Any CPU
		{89587765-93AB-48BA-9532-D6201F8DAFB7}.Debug|x64.ActiveCfg = Debug|Any CPU
		{89587765-93AB-48BA-9532-D6201F8DAFB7}.Debug|x64.Build.0 = Debug|Any CPU
		{89587765-93AB-48BA-9532-D6201F8DAFB7}.Debug|x86.ActiveCfg = Debug|Any CPU
		{89587765-93AB-48BA-9532-D6201F8DAFB7}.Debug|x86.Build.0 = Debug|Any CPU
		{89587765-93AB-48BA-9532-D6201F8DAFB7}.Release|Any CPU.ActiveCfg = Release|Any CPU
		{89587765-93AB-48BA-9532-D6201F8DAFB7}.Release|Any CPU.Build.0 = Release|Any CPU
		{89587765-93AB-48BA-9532-D6201F8DAFB7}.Release|x64.ActiveCfg = Release|Any CPU
		{89587765-93AB-48BA-9532-D6201F8DAFB7}.Release|x64.Build.0 = Release|Any CPU
		{89587765-93AB-48BA-9532-D6201F8DAFB7}.Release|x86.ActiveCfg = Release|Any CPU
		{89587765-93AB-48BA-9532-D6201F8DAFB7}.Release|x86.Build.0 = Release|Any CPU
		{64177F0A-39CB-40D2-A4A9-22095BAED613}.Debug|Any CPU.ActiveCfg = Debug|Any CPU
		{64177F0A-39CB-40D2-A4A9-22095BAED613}.Debug|Any CPU.Build.0 = Debug|Any CPU
		{64177F0A-39CB-40D2-A4A9-22095BAED613}.Debug|x64.ActiveCfg = Debug|Any CPU
		{64177F0A-39CB-40D2-A4A9-22095BAED613}.Debug|x64.Build.0 = Debug|Any CPU
		{64177F0A-39CB-40D2-A4A9-22095BAED613}.Debug|x86.ActiveCfg = Debug|Any CPU
		{64177F0A-39CB-40D2-A4A9-22095BAED613}.Debug|x86.Build.0 = Debug|Any CPU
		{64177F0A-39CB-40D2-A4A9-22095BAED613}.Release|Any CPU.ActiveCfg = Release|Any CPU
		{64177F0A-39CB-40D2-A4A9-22095BAED613}.Release|Any CPU.Build.0 = Release|Any CPU
		{64177F0A-39CB-40D2-A4A9-22095BAED613}.Release|x64.ActiveCfg = Release|Any CPU
		{64177F0A-39CB-40D2-A4A9-22095BAED613}.Release|x64.Build.0 = Release|Any CPU
		{64177F0A-39CB-40D2-A4A9-22095BAED613}.Release|x86.ActiveCfg = Release|Any CPU
		{64177F0A-39CB-40D2-A4A9-22095BAED613}.Release|x86.Build.0 = Release|Any CPU
		{776590E5-C961-403F-90C3-DBED424BA26F}.Debug|Any CPU.ActiveCfg = Debug|Any CPU
		{776590E5-C961-403F-90C3-DBED424BA26F}.Debug|Any CPU.Build.0 = Debug|Any CPU
		{776590E5-C961-403F-90C3-DBED424BA26F}.Debug|x64.ActiveCfg = Debug|Any CPU
		{776590E5-C961-403F-90C3-DBED424BA26F}.Debug|x64.Build.0 = Debug|Any CPU
		{776590E5-C961-403F-90C3-DBED424BA26F}.Debug|x86.ActiveCfg = Debug|Any CPU
		{776590E5-C961-403F-90C3-DBED424BA26F}.Debug|x86.Build.0 = Debug|Any CPU
		{776590E5-C961-403F-90C3-DBED424BA26F}.Release|Any CPU.ActiveCfg = Release|Any CPU
		{776590E5-C961-403F-90C3-DBED424BA26F}.Release|Any CPU.Build.0 = Release|Any CPU
		{776590E5-C961-403F-90C3-DBED424BA26F}.Release|x64.ActiveCfg = Release|Any CPU
		{776590E5-C961-403F-90C3-DBED424BA26F}.Release|x64.Build.0 = Release|Any CPU
		{776590E5-C961-403F-90C3-DBED424BA26F}.Release|x86.ActiveCfg = Release|Any CPU
		{776590E5-C961-403F-90C3-DBED424BA26F}.Release|x86.Build.0 = Release|Any CPU
		{FEB3BB72-E9CB-4F15-984D-87993777FF04}.Debug|Any CPU.ActiveCfg = Debug|Any CPU
		{FEB3BB72-E9CB-4F15-984D-87993777FF04}.Debug|Any CPU.Build.0 = Debug|Any CPU
		{FEB3BB72-E9CB-4F15-984D-87993777FF04}.Debug|x64.ActiveCfg = Debug|Any CPU
		{FEB3BB72-E9CB-4F15-984D-87993777FF04}.Debug|x64.Build.0 = Debug|Any CPU
		{FEB3BB72-E9CB-4F15-984D-87993777FF04}.Debug|x86.ActiveCfg = Debug|Any CPU
		{FEB3BB72-E9CB-4F15-984D-87993777FF04}.Debug|x86.Build.0 = Debug|Any CPU
		{FEB3BB72-E9CB-4F15-984D-87993777FF04}.Release|Any CPU.ActiveCfg = Release|Any CPU
		{FEB3BB72-E9CB-4F15-984D-87993777FF04}.Release|Any CPU.Build.0 = Release|Any CPU
		{FEB3BB72-E9CB-4F15-984D-87993777FF04}.Release|x64.ActiveCfg = Release|Any CPU
		{FEB3BB72-E9CB-4F15-984D-87993777FF04}.Release|x64.Build.0 = Release|Any CPU
		{FEB3BB72-E9CB-4F15-984D-87993777FF04}.Release|x86.ActiveCfg = Release|Any CPU
		{FEB3BB72-E9CB-4F15-984D-87993777FF04}.Release|x86.Build.0 = Release|Any CPU
		{97760915-0250-40EA-8F77-96E2EF622450}.Debug|Any CPU.ActiveCfg = Debug|Any CPU
		{97760915-0250-40EA-8F77-96E2EF622450}.Debug|Any CPU.Build.0 = Debug|Any CPU
		{97760915-0250-40EA-8F77-96E2EF622450}.Debug|x64.ActiveCfg = Debug|Any CPU
		{97760915-0250-40EA-8F77-96E2EF622450}.Debug|x64.Build.0 = Debug|Any CPU
		{97760915-0250-40EA-8F77-96E2EF622450}.Debug|x86.ActiveCfg = Debug|Any CPU
		{97760915-0250-40EA-8F77-96E2EF622450}.Debug|x86.Build.0 = Debug|Any CPU
		{97760915-0250-40EA-8F77-96E2EF622450}.Release|Any CPU.ActiveCfg = Release|Any CPU
		{97760915-0250-40EA-8F77-96E2EF622450}.Release|Any CPU.Build.0 = Release|Any CPU
		{97760915-0250-40EA-8F77-96E2EF622450}.Release|x64.ActiveCfg = Release|Any CPU
		{97760915-0250-40EA-8F77-96E2EF622450}.Release|x64.Build.0 = Release|Any CPU
		{97760915-0250-40EA-8F77-96E2EF622450}.Release|x86.ActiveCfg = Release|Any CPU
		{97760915-0250-40EA-8F77-96E2EF622450}.Release|x86.Build.0 = Release|Any CPU
		{F642B9BD-1204-4292-8E6D-B4344F0B72CA}.Debug|Any CPU.ActiveCfg = Debug|Any CPU
		{F642B9BD-1204-4292-8E6D-B4344F0B72CA}.Debug|Any CPU.Build.0 = Debug|Any CPU
		{F642B9BD-1204-4292-8E6D-B4344F0B72CA}.Debug|x64.ActiveCfg = Debug|Any CPU
		{F642B9BD-1204-4292-8E6D-B4344F0B72CA}.Debug|x64.Build.0 = Debug|Any CPU
		{F642B9BD-1204-4292-8E6D-B4344F0B72CA}.Debug|x86.ActiveCfg = Debug|Any CPU
		{F642B9BD-1204-4292-8E6D-B4344F0B72CA}.Debug|x86.Build.0 = Debug|Any CPU
		{F642B9BD-1204-4292-8E6D-B4344F0B72CA}.Release|Any CPU.ActiveCfg = Release|Any CPU
		{F642B9BD-1204-4292-8E6D-B4344F0B72CA}.Release|Any CPU.Build.0 = Release|Any CPU
		{F642B9BD-1204-4292-8E6D-B4344F0B72CA}.Release|x64.ActiveCfg = Release|Any CPU
		{F642B9BD-1204-4292-8E6D-B4344F0B72CA}.Release|x64.Build.0 = Release|Any CPU
		{F642B9BD-1204-4292-8E6D-B4344F0B72CA}.Release|x86.ActiveCfg = Release|Any CPU
		{F642B9BD-1204-4292-8E6D-B4344F0B72CA}.Release|x86.Build.0 = Release|Any CPU
	EndGlobalSection
	GlobalSection(SolutionProperties) = preSolution
		HideSolutionNode = FALSE
	EndGlobalSection
EndGlobal
