
Microsoft Visual Studio Solution File, Format Version 12.00
# Visual Studio 15
VisualStudioVersion = 15.0.26403.7
MinimumVisualStudioVersion = 10.0.40219.1
Project("{FAE04EC0-301F-11D3-BF4B-00C04F79EFBC}") = "Edmonton", "Edmonton\Edmonton.csproj", "{320DA4C7-E566-4E43-AC28-C9EFC8BD8439}"
EndProject
Project("{9A19103F-16F7-4668-BE54-9A1E7A4F7556}") = "SystemFramework", "SystemFramework\SystemFramework.csproj", "{C492E801-7327-4ADD-B1F5-166CD7B3D185}"
EndProject
Project("{FAE04EC0-301F-11D3-BF4B-00C04F79EFBC}") = "WebApp", "WebApp\WebApp.csproj", "{89587765-93AB-48BA-9532-D6201F8DAFB7}"
EndProject
Global
	GlobalSection(SolutionConfigurationPlatforms) = preSolution
		Debug|Any CPU = Debug|Any CPU
		Debug|x64 = Debug|x64
		Debug|x86 = Debug|x86
		Release|Any CPU = Release|Any CPU
		Release|x64 = Release|x64
		Release|x86 = Release|x86
	EndGlobalSection
	GlobalSection(ProjectConfigurationPlatforms) = postSolution
		{320DA4C7-E566-4E43-AC28-C9EFC8BD8439}.Debug|Any CPU.ActiveCfg = Debug|Any CPU
		{320DA4C7-E566-4E43-AC28-C9EFC8BD8439}.Debug|Any CPU.Build.0 = Debug|Any CPU
		{320DA4C7-E566-4E43-AC28-C9EFC8BD8439}.Debug|x64.ActiveCfg = Debug|Any CPU
		{320DA4C7-E566-4E43-AC28-C9EFC8BD8439}.Debug|x64.Build.0 = Debug|Any CPU
		{320DA4C7-E566-4E43-AC28-C9EFC8BD8439}.Debug|x86.ActiveCfg = Debug|Any CPU
		{320DA4C7-E566-4E43-AC28-C9EFC8BD8439}.Debug|x86.Build.0 = Debug|Any CPU
		{320DA4C7-E566-4E43-AC28-C9EFC8BD8439}.Release|Any CPU.ActiveCfg = Release|Any CPU
		{320DA4C7-E566-4E43-AC28-C9EFC8BD8439}.Release|Any CPU.Build.0 = Release|Any CPU
		{320DA4C7-E566-4E43-AC28-C9EFC8BD8439}.Release|x64.ActiveCfg = Release|Any CPU
		{320DA4C7-E566-4E43-AC28-C9EFC8BD8439}.Release|x64.Build.0 = Release|Any CPU
		{320DA4C7-E566-4E43-AC28-C9EFC8BD8439}.Release|x86.ActiveCfg = Release|Any CPU
		{320DA4C7-E566-4E43-AC28-C9EFC8BD8439}.Release|x86.Build.0 = Release|Any CPU
		{C492E801-7327-4ADD-B1F5-166CD7B3D185}.Debug|Any CPU.ActiveCfg = Debug|Any CPU
		{C492E801-7327-4ADD-B1F5-166CD7B3D185}.Debug|Any CPU.Build.0 = Debug|Any CPU
		{C492E801-7327-4ADD-B1F5-166CD7B3D185}.Debug|x64.ActiveCfg = Debug|Any CPU
		{C492E801-7327-4ADD-B1F5-166CD7B3D185}.Debug|x64.Build.0 = Debug|Any CPU
		{C492E801-7327-4ADD-B1F5-166CD7B3D185}.Debug|x86.ActiveCfg = Debug|Any CPU
		{C492E801-7327-4ADD-B1F5-166CD7B3D185}.Debug|x86.Build.0 = Debug|Any CPU
		{C492E801-7327-4ADD-B1F5-166CD7B3D185}.Release|Any CPU.ActiveCfg = Release|Any CPU
		{C492E801-7327-4ADD-B1F5-166CD7B3D185}.Release|Any CPU.Build.0 = Release|Any CPU
		{C492E801-7327-4ADD-B1F5-166CD7B3D185}.Release|x64.ActiveCfg = Release|Any CPU
		{C492E801-7327-4ADD-B1F5-166CD7B3D185}.Release|x64.Build.0 = Release|Any CPU
		{C492E801-7327-4ADD-B1F5-166CD7B3D185}.Release|x86.ActiveCfg = Release|Any CPU
		{C492E801-7327-4ADD-B1F5-166CD7B3D185}.Release|x86.Build.0 = Release|Any CPU
		{89587765-93AB-48BA-9532-D6201F8DAFB7}.Debug|Any CPU.ActiveCfg = Debug|Any CPU
		{89587765-93AB-48BA-9532-D6201F8DAFB7}.Debug|Any CPU.Build.0 = Debug|Any CPU
		{89587765-93AB-48BA-9532-D6201F8DAFB7}.Debug|x64.ActiveCfg = Debug|Any CPU
		{89587765-93AB-48BA-9532-D6201F8DAFB7}.Debug|x64.Build.0 = Debug|Any CPU
		{89587765-93AB-48BA-9532-D6201F8DAFB7}.Debug|x86.ActiveCfg = Debug|Any CPU
		{89587765-93AB-48BA-9532-D6201F8DAFB7}.Debug|x86.Build.0 = Debug|Any CPU
		{89587765-93AB-48BA-9532-D6201F8DAFB7}.Release|Any CPU.ActiveCfg = Release|Any CPU
		{89587765-93AB-48BA-9532-D6201F8DAFB7}.Release|Any CPU.Build.0 = Release|Any CPU
		{89587765-93AB-48BA-9532-D6201F8DAFB7}.Release|x64.ActiveCfg = Release|Any CPU
		{89587765-93AB-48BA-9532-D6201F8DAFB7}.Release|x64.Build.0 = Release|Any CPU
		{89587765-93AB-48BA-9532-D6201F8DAFB7}.Release|x86.ActiveCfg = Release|Any CPU
		{89587765-93AB-48BA-9532-D6201F8DAFB7}.Release|x86.Build.0 = Release|Any CPU
	EndGlobalSection
	GlobalSection(SolutionProperties) = preSolution
		HideSolutionNode = FALSE
	EndGlobalSection
EndGlobal
