
Microsoft Visual Studio Solution File, Format Version 12.00
# Visual Studio 15
VisualStudioVersion = 15.0.26730.12
MinimumVisualStudioVersion = 10.0.40219.1
Project("{FAE04EC0-301F-11D3-BF4B-00C04F79EFBC}") = "WebAppMain", "WebAppMain\WebAppMain.csproj", "{7979EAEC-E92E-48B5-92C8-5C20423C1FD5}"
EndProject
Project("{FAE04EC0-301F-11D3-BF4B-00C04F79EFBC}") = "WebAppContentManager", "WebAppContentManager\WebAppContentManager.csproj", "{A93EDA5A-645E-4F94-93A9-5DE3E5DEA573}"
EndProject
Project("{FAE04EC0-301F-11D3-BF4B-00C04F79EFBC}") = "WebAppImageManager", "WebAppImageManager\WebAppImageManager.csproj", "{8F6FD77F-87D6-4DCC-B1B7-F675AD70EDFD}"
EndProject
Global
	GlobalSection(SolutionConfigurationPlatforms) = preSolution
		Debug|Any CPU = Debug|Any CPU
		Release|Any CPU = Release|Any CPU
	EndGlobalSection
	GlobalSection(ProjectConfigurationPlatforms) = postSolution
		{7979EAEC-E92E-48B5-92C8-5C20423C1FD5}.Debug|Any CPU.ActiveCfg = Debug|Any CPU
		{7979EAEC-E92E-48B5-92C8-5C20423C1FD5}.Debug|Any CPU.Build.0 = Debug|Any CPU
		{7979EAEC-E92E-48B5-92C8-5C20423C1FD5}.Release|Any CPU.ActiveCfg = Release|Any CPU
		{7979EAEC-E92E-48B5-92C8-5C20423C1FD5}.Release|Any CPU.Build.0 = Release|Any CPU
		{A93EDA5A-645E-4F94-93A9-5DE3E5DEA573}.Debug|Any CPU.ActiveCfg = Debug|Any CPU
		{A93EDA5A-645E-4F94-93A9-5DE3E5DEA573}.Debug|Any CPU.Build.0 = Debug|Any CPU
		{A93EDA5A-645E-4F94-93A9-5DE3E5DEA573}.Release|Any CPU.ActiveCfg = Release|Any CPU
		{A93EDA5A-645E-4F94-93A9-5DE3E5DEA573}.Release|Any CPU.Build.0 = Release|Any CPU
		{8F6FD77F-87D6-4DCC-B1B7-F675AD70EDFD}.Debug|Any CPU.ActiveCfg = Debug|Any CPU
		{8F6FD77F-87D6-4DCC-B1B7-F675AD70EDFD}.Debug|Any CPU.Build.0 = Debug|Any CPU
		{8F6FD77F-87D6-4DCC-B1B7-F675AD70EDFD}.Release|Any CPU.ActiveCfg = Release|Any CPU
		{8F6FD77F-87D6-4DCC-B1B7-F675AD70EDFD}.Release|Any CPU.Build.0 = Release|Any CPU
	EndGlobalSection
	GlobalSection(SolutionProperties) = preSolution
		HideSolutionNode = FALSE
	EndGlobalSection
	GlobalSection(ExtensibilityGlobals) = postSolution
		SolutionGuid = {FD4001A9-276A-4AD7-9440-7B6C0E6F4DB9}
	EndGlobalSection
EndGlobal
